// !$*UTF8*$!
{
	archiveVersion = 1;
	classes = {
	};
	objectVersion = 46;
	objects = {

/* Begin PBXBuildFile section */
		683665C81DF9E6E300E2BC98 /* PhotoStore.swift in Sources */ = {isa = PBXBuildFile; fileRef = 683665C71DF9E6E300E2BC98 /* PhotoStore.swift */; };
		683665CA1DF9EC9C00E2BC98 /* Photo.swift in Sources */ = {isa = PBXBuildFile; fileRef = 683665C91DF9EC9C00E2BC98 /* Photo.swift */; };
		683665CC1DFAE93300E2BC98 /* PhotoDataSource.swift in Sources */ = {isa = PBXBuildFile; fileRef = 683665CB1DFAE93300E2BC98 /* PhotoDataSource.swift */; };
		683665CE1DFAF00400E2BC98 /* PhotoCollectionViewCell.swift in Sources */ = {isa = PBXBuildFile; fileRef = 683665CD1DFAF00400E2BC98 /* PhotoCollectionViewCell.swift */; };
		683665D01DFB099800E2BC98 /* PhotoInfoViewController.swift in Sources */ = {isa = PBXBuildFile; fileRef = 683665CF1DFB099800E2BC98 /* PhotoInfoViewController.swift */; };
		687174C21DF824E100FD639E /* AppDelegate.swift in Sources */ = {isa = PBXBuildFile; fileRef = 687174C11DF824E100FD639E /* AppDelegate.swift */; };
		687174C41DF824E100FD639E /* PhotosViewController.swift in Sources */ = {isa = PBXBuildFile; fileRef = 687174C31DF824E100FD639E /* PhotosViewController.swift */; };
		687174C71DF824E100FD639E /* Main.storyboard in Resources */ = {isa = PBXBuildFile; fileRef = 687174C51DF824E100FD639E /* Main.storyboard */; };
		687174C91DF824E100FD639E /* Assets.xcassets in Resources */ = {isa = PBXBuildFile; fileRef = 687174C81DF824E100FD639E /* Assets.xcassets */; };
		687174CC1DF824E100FD639E /* LaunchScreen.storyboard in Resources */ = {isa = PBXBuildFile; fileRef = 687174CA1DF824E100FD639E /* LaunchScreen.storyboard */; };
		687174D41DF9C75500FD639E /* FlickrAPI.swift in Sources */ = {isa = PBXBuildFile; fileRef = 687174D31DF9C75500FD639E /* FlickrAPI.swift */; };
/* End PBXBuildFile section */

/* Begin PBXFileReference section */
		683665C71DF9E6E300E2BC98 /* PhotoStore.swift */ = {isa = PBXFileReference; fileEncoding = 4; lastKnownFileType = sourcecode.swift; path = PhotoStore.swift; sourceTree = "<group>"; };
		683665C91DF9EC9C00E2BC98 /* Photo.swift */ = {isa = PBXFileReference; fileEncoding = 4; lastKnownFileType = sourcecode.swift; path = Photo.swift; sourceTree = "<group>"; };
		683665CB1DFAE93300E2BC98 /* PhotoDataSource.swift */ = {isa = PBXFileReference; fileEncoding = 4; lastKnownFileType = sourcecode.swift; path = PhotoDataSource.swift; sourceTree = "<group>"; };
		683665CD1DFAF00400E2BC98 /* PhotoCollectionViewCell.swift */ = {isa = PBXFileReference; fileEncoding = 4; lastKnownFileType = sourcecode.swift; path = PhotoCollectionViewCell.swift; sourceTree = "<group>"; };
		683665CF1DFB099800E2BC98 /* PhotoInfoViewController.swift */ = {isa = PBXFileReference; fileEncoding = 4; lastKnownFileType = sourcecode.swift; path = PhotoInfoViewController.swift; sourceTree = "<group>"; };
		687174BE1DF824E100FD639E /* Photorama.app */ = {isa = PBXFileReference; explicitFileType = wrapper.application; includeInIndex = 0; path = Photorama.app; sourceTree = BUILT_PRODUCTS_DIR; };
		687174C11DF824E100FD639E /* AppDelegate.swift */ = {isa = PBXFileReference; lastKnownFileType = sourcecode.swift; path = AppDelegate.swift; sourceTree = "<group>"; };
		687174C31DF824E100FD639E /* PhotosViewController.swift */ = {isa = PBXFileReference; lastKnownFileType = sourcecode.swift; path = PhotosViewController.swift; sourceTree = "<group>"; };
		687174C61DF824E100FD639E /* Base */ = {isa = PBXFileReference; lastKnownFileType = file.storyboard; name = Base; path = Base.lproj/Main.storyboard; sourceTree = "<group>"; };
		687174C81DF824E100FD639E /* Assets.xcassets */ = {isa = PBXFileReference; lastKnownFileType = folder.assetcatalog; path = Assets.xcassets; sourceTree = "<group>"; };
		687174CB1DF824E100FD639E /* Base */ = {isa = PBXFileReference; lastKnownFileType = file.storyboard; name = Base; path = Base.lproj/LaunchScreen.storyboard; sourceTree = "<group>"; };
		687174CD1DF824E100FD639E /* Info.plist */ = {isa = PBXFileReference; lastKnownFileType = text.plist.xml; path = Info.plist; sourceTree = "<group>"; };
		687174D31DF9C75500FD639E /* FlickrAPI.swift */ = {isa = PBXFileReference; fileEncoding = 4; lastKnownFileType = sourcecode.swift; path = FlickrAPI.swift; sourceTree = "<group>"; };
/* End PBXFileReference section */

/* Begin PBXFrameworksBuildPhase section */
		687174BB1DF824E100FD639E /* Frameworks */ = {
			isa = PBXFrameworksBuildPhase;
			buildActionMask = 2147483647;
			files = (
			);
			runOnlyForDeploymentPostprocessing = 0;
		};
/* End PBXFrameworksBuildPhase section */

/* Begin PBXGroup section */
		687174B51DF824E100FD639E = {
			isa = PBXGroup;
			children = (
				687174C01DF824E100FD639E /* Photorama */,
				687174BF1DF824E100FD639E /* Products */,
			);
			sourceTree = "<group>";
		};
		687174BF1DF824E100FD639E /* Products */ = {
			isa = PBXGroup;
			children = (
				687174BE1DF824E100FD639E /* Photorama.app */,
			);
			name = Products;
			sourceTree = "<group>";
		};
		687174C01DF824E100FD639E /* Photorama */ = {
			isa = PBXGroup;
			children = (
				687174C11DF824E100FD639E /* AppDelegate.swift */,
				687174C31DF824E100FD639E /* PhotosViewController.swift */,
				683665CF1DFB099800E2BC98 /* PhotoInfoViewController.swift */,
				683665C91DF9EC9C00E2BC98 /* Photo.swift */,
				687174C51DF824E100FD639E /* Main.storyboard */,
				683665CD1DFAF00400E2BC98 /* PhotoCollectionViewCell.swift */,
				683665CB1DFAE93300E2BC98 /* PhotoDataSource.swift */,
				687174D31DF9C75500FD639E /* FlickrAPI.swift */,
				683665C71DF9E6E300E2BC98 /* PhotoStore.swift */,
				687174C81DF824E100FD639E /* Assets.xcassets */,
				687174CA1DF824E100FD639E /* LaunchScreen.storyboard */,
				687174CD1DF824E100FD639E /* Info.plist */,
			);
			path = Photorama;
			sourceTree = "<group>";
		};
/* End PBXGroup section */

/* Begin PBXNativeTarget section */
		687174BD1DF824E100FD639E /* Photorama */ = {
			isa = PBXNativeTarget;
			buildConfigurationList = 687174D01DF824E100FD639E /* Build configuration list for PBXNativeTarget "Photorama" */;
			buildPhases = (
				687174BA1DF824E100FD639E /* Sources */,
				687174BB1DF824E100FD639E /* Frameworks */,
				687174BC1DF824E100FD639E /* Resources */,
			);
			buildRules = (
			);
			dependencies = (
			);
			name = Photorama;
			productName = Photorama;
			productReference = 687174BE1DF824E100FD639E /* Photorama.app */;
			productType = "com.apple.product-type.application";
		};
/* End PBXNativeTarget section */

/* Begin PBXProject section */
		687174B61DF824E100FD639E /* Project object */ = {
			isa = PBXProject;
			attributes = {
				LastSwiftUpdateCheck = 0730;
				LastUpgradeCheck = 0730;
				ORGANIZATIONNAME = "Wayne Rumble";
				TargetAttributes = {
					687174BD1DF824E100FD639E = {
						CreatedOnToolsVersion = 7.3.1;
						DevelopmentTeam = L3QZJU3LP7;
					};
				};
			};
			buildConfigurationList = 687174B91DF824E100FD639E /* Build configuration list for PBXProject "Photorama" */;
			compatibilityVersion = "Xcode 3.2";
			developmentRegion = English;
			hasScannedForEncodings = 0;
			knownRegions = (
				en,
				Base,
			);
			mainGroup = 687174B51DF824E100FD639E;
			productRefGroup = 687174BF1DF824E100FD639E /* Products */;
			projectDirPath = "";
			projectRoot = "";
			targets = (
				687174BD1DF824E100FD639E /* Photorama */,
			);
		};
/* End PBXProject section */

/* Begin PBXResourcesBuildPhase section */
		687174BC1DF824E100FD639E /* Resources */ = {
			isa = PBXResourcesBuildPhase;
			buildActionMask = 2147483647;
			files = (
				687174CC1DF824E100FD639E /* LaunchScreen.storyboard in Resources */,
				687174C91DF824E100FD639E /* Assets.xcassets in Resources */,
				687174C71DF824E100FD639E /* Main.storyboard in Resources */,
			);
			runOnlyForDeploymentPostprocessing = 0;
		};
/* End PBXResourcesBuildPhase section */

/* Begin PBXSourcesBuildPhase section */
		687174BA1DF824E100FD639E /* Sources */ = {
			isa = PBXSourcesBuildPhase;
			buildActionMask = 2147483647;
			files = (
				687174D41DF9C75500FD639E /* FlickrAPI.swift in Sources */,
				687174C41DF824E100FD639E /* PhotosViewController.swift in Sources */,
				683665C81DF9E6E300E2BC98 /* PhotoStore.swift in Sources */,
				683665CC1DFAE93300E2BC98 /* PhotoDataSource.swift in Sources */,
				683665CE1DFAF00400E2BC98 /* PhotoCollectionViewCell.swift in Sources */,
				683665D01DFB099800E2BC98 /* PhotoInfoViewController.swift in Sources */,
				687174C21DF824E100FD639E /* AppDelegate.swift in Sources */,
				683665CA1DF9EC9C00E2BC98 /* Photo.swift in Sources */,
			);
			runOnlyForDeploymentPostprocessing = 0;
		};
/* End PBXSourcesBuildPhase section */

/* Begin PBXVariantGroup section */
		687174C51DF824E100FD639E /* Main.storyboard */ = {
			isa = PBXVariantGroup;
			children = (
				687174C61DF824E100FD639E /* Base */,
			);
			name = Main.storyboard;
			sourceTree = "<group>";
		};
		687174CA1DF824E100FD639E /* LaunchScreen.storyboard */ = {
			isa = PBXVariantGroup;
			children = (
				687174CB1DF824E100FD639E /* Base */,
			);
			name = LaunchScreen.storyboard;
			sourceTree = "<group>";
		};
/* End PBXVariantGroup section */

/* Begin XCBuildConfiguration section */
		687174CE1DF824E100FD639E /* Debug */ = {
			isa = XCBuildConfiguration;
			buildSettings = {
				ALWAYS_SEARCH_USER_PATHS = NO;
				CLANG_ANALYZER_NONNULL = YES;
				CLANG_CXX_LANGUAGE_STANDARD = "gnu++0x";
				CLANG_CXX_LIBRARY = "libc++";
				CLANG_ENABLE_MODULES = YES;
				CLANG_ENABLE_OBJC_ARC = YES;
				CLANG_WARN_BOOL_CONVERSION = YES;
				CLANG_WARN_CONSTANT_CONVERSION = YES;
				CLANG_WARN_DIRECT_OBJC_ISA_USAGE = YES_ERROR;
				CLANG_WARN_EMPTY_BODY = YES;
				CLANG_WARN_ENUM_CONVERSION = YES;
				CLANG_WARN_INT_CONVERSION = YES;
				CLANG_WARN_OBJC_ROOT_CLASS = YES_ERROR;
				CLANG_WARN_UNREACHABLE_CODE = YES;
				CLANG_WARN__DUPLICATE_METHOD_MATCH = YES;
				"CODE_SIGN_IDENTITY[sdk=iphoneos*]" = "iPhone Developer";
				COPY_PHASE_STRIP = NO;
				DEBUG_INFORMATION_FORMAT = dwarf;
				ENABLE_STRICT_OBJC_MSGSEND = YES;
				ENABLE_TESTABILITY = YES;
				GCC_C_LANGUAGE_STANDARD = gnu99;
				GCC_DYNAMIC_NO_PIC = NO;
				GCC_NO_COMMON_BLOCKS = YES;
				GCC_OPTIMIZATION_LEVEL = 0;
				GCC_PREPROCESSOR_DEFINITIONS = (
					"DEBUG=1",
					"$(inherited)",
				);
				GCC_WARN_64_TO_32_BIT_CONVERSION = YES;
				GCC_WARN_ABOUT_RETURN_TYPE = YES_ERROR;
				GCC_WARN_UNDECLARED_SELECTOR = YES;
				GCC_WARN_UNINITIALIZED_AUTOS = YES_AGGRESSIVE;
				GCC_WARN_UNUSED_FUNCTION = YES;
				GCC_WARN_UNUSED_VARIABLE = YES;
				IPHONEOS_DEPLOYMENT_TARGET = 9.3;
				MTL_ENABLE_DEBUG_INFO = YES;
				ONLY_ACTIVE_ARCH = YES;
				SDKROOT = iphoneos;
				SWIFT_OPTIMIZATION_LEVEL = "-Onone";
				TARGETED_DEVICE_FAMILY = "1,2";
			};
			name = Debug;
		};
		687174CF1DF824E100FD639E /* Release */ = {
			isa = XCBuildConfiguration;
			buildSettings = {
				ALWAYS_SEARCH_USER_PATHS = NO;
				CLANG_ANALYZER_NONNULL = YES;
				CLANG_CXX_LANGUAGE_STANDARD = "gnu++0x";
				CLANG_CXX_LIBRARY = "libc++";
				CLANG_ENABLE_MODULES = YES;
				CLANG_ENABLE_OBJC_ARC = YES;
				CLANG_WARN_BOOL_CONVERSION = YES;
				CLANG_WARN_CONSTANT_CONVERSION = YES;
				CLANG_WARN_DIRECT_OBJC_ISA_USAGE = YES_ERROR;
				CLANG_WARN_EMPTY_BODY = YES;
				CLANG_WARN_ENUM_CONVERSION = YES;
				CLANG_WARN_INT_CONVERSION = YES;
				CLANG_WARN_OBJC_ROOT_CLASS = YES_ERROR;
				CLANG_WARN_UNREACHABLE_CODE = YES;
				CLANG_WARN__DUPLICATE_METHOD_MATCH = YES;
				"CODE_SIGN_IDENTITY[sdk=iphoneos*]" = "iPhone Developer";
				COPY_PHASE_STRIP = NO;
				DEBUG_INFORMATION_FORMAT = "dwarf-with-dsym";
				ENABLE_NS_ASSERTIONS = NO;
				ENABLE_STRICT_OBJC_MSGSEND = YES;
				GCC_C_LANGUAGE_STANDARD = gnu99;
				GCC_NO_COMMON_BLOCKS = YES;
				GCC_WARN_64_TO_32_BIT_CONVERSION = YES;
				GCC_WARN_ABOUT_RETURN_TYPE = YES_ERROR;
				GCC_WARN_UNDECLARED_SELECTOR = YES;
				GCC_WARN_UNINITIALIZED_AUTOS = YES_AGGRESSIVE;
				GCC_WARN_UNUSED_FUNCTION = YES;
				GCC_WARN_UNUSED_VARIABLE = YES;
				IPHONEOS_DEPLOYMENT_TARGET = 9.3;
				MTL_ENABLE_DEBUG_INFO = NO;
				SDKROOT = iphoneos;
				TARGETED_DEVICE_FAMILY = "1,2";
				VALIDATE_PRODUCT = YES;
			};
			name = Release;
		};
		687174D11DF824E100FD639E /* Debug */ = {
			isa = XCBuildConfiguration;
			buildSettings = {
				ASSETCATALOG_COMPILER_APPICON_NAME = AppIcon;
				INFOPLIST_FILE = Photorama/Info.plist;
				LD_RUNPATH_SEARCH_PATHS = "$(inherited) @executable_path/Frameworks";
				PRODUCT_BUNDLE_IDENTIFIER = com.waynerumble.Photorama;
				PRODUCT_NAME = "$(TARGET_NAME)";
			};
			name = Debug;
		};
		687174D21DF824E100FD639E /* Release */ = {
			isa = XCBuildConfiguration;
			buildSettings = {
				ASSETCATALOG_COMPILER_APPICON_NAME = AppIcon;
				INFOPLIST_FILE = Photorama/Info.plist;
				LD_RUNPATH_SEARCH_PATHS = "$(inherited) @executable_path/Frameworks";
				PRODUCT_BUNDLE_IDENTIFIER = com.waynerumble.Photorama;
				PRODUCT_NAME = "$(TARGET_NAME)";
			};
			name = Release;
		};
/* End XCBuildConfiguration section */

/* Begin XCConfigurationList section */
		687174B91DF824E100FD639E /* Build configuration list for PBXProject "Photorama" */ = {
			isa = XCConfigurationList;
			buildConfigurations = (
				687174CE1DF824E100FD639E /* Debug */,
				687174CF1DF824E100FD639E /* Release */,
			);
			defaultConfigurationIsVisible = 0;
			defaultConfigurationName = Release;
		};
		687174D01DF824E100FD639E /* Build configuration list for PBXNativeTarget "Photorama" */ = {
			isa = XCConfigurationList;
			buildConfigurations = (
				687174D11DF824E100FD639E /* Debug */,
				687174D21DF824E100FD639E /* Release */,
			);
			defaultConfigurationIsVisible = 0;
			defaultConfigurationName = Release;
		};
/* End XCConfigurationList section */
	};
	rootObject = 687174B61DF824E100FD639E /* Project object */;
}
